// !$*UTF8*$!
{
	archiveVersion = 1;
	classes = {
	};
	objectVersion = 55;
	objects = {

/* Begin PBXBuildFile section */
		BD9CAAE528998BB3000F5088 /* AppDelegate.swift in Sources */ = {isa = PBXBuildFile; fileRef = BD9CAAE428998BB3000F5088 /* AppDelegate.swift */; };
		BD9CAAE728998BB3000F5088 /* SceneDelegate.swift in Sources */ = {isa = PBXBuildFile; fileRef = BD9CAAE628998BB3000F5088 /* SceneDelegate.swift */; };
		BD9CAAE928998BB3000F5088 /* ViewController.swift in Sources */ = {isa = PBXBuildFile; fileRef = BD9CAAE828998BB3000F5088 /* ViewController.swift */; };
		BD9CAAEC28998BB3000F5088 /* Main.storyboard in Resources */ = {isa = PBXBuildFile; fileRef = BD9CAAEA28998BB3000F5088 /* Main.storyboard */; };
		BD9CAAEE28998BB4000F5088 /* Assets.xcassets in Resources */ = {isa = PBXBuildFile; fileRef = BD9CAAED28998BB4000F5088 /* Assets.xcassets */; };
		BD9CAAF128998BB4000F5088 /* LaunchScreen.storyboard in Resources */ = {isa = PBXBuildFile; fileRef = BD9CAAEF28998BB4000F5088 /* LaunchScreen.storyboard */; };
		BD9CAAFC28998BB5000F5088 /* Camera_DisplayPhotoTests.swift in Sources */ = {isa = PBXBuildFile; fileRef = BD9CAAFB28998BB5000F5088 /* Camera_DisplayPhotoTests.swift */; };
		BD9CAB0628998BB5000F5088 /* Camera_DisplayPhotoUITests.swift in Sources */ = {isa = PBXBuildFile; fileRef = BD9CAB0528998BB5000F5088 /* Camera_DisplayPhotoUITests.swift */; };
		BD9CAB0828998BB5000F5088 /* Camera_DisplayPhotoUITestsLaunchTests.swift in Sources */ = {isa = PBXBuildFile; fileRef = BD9CAB0728998BB5000F5088 /* Camera_DisplayPhotoUITestsLaunchTests.swift */; };
/* End PBXBuildFile section */

/* Begin PBXContainerItemProxy section */
		BD9CAAF828998BB5000F5088 /* PBXContainerItemProxy */ = {
			isa = PBXContainerItemProxy;
			containerPortal = BD9CAAD928998BB3000F5088 /* Project object */;
			proxyType = 1;
			remoteGlobalIDString = BD9CAAE028998BB3000F5088;
			remoteInfo = "Camera&DisplayPhoto";
		};
		BD9CAB0228998BB5000F5088 /* PBXContainerItemProxy */ = {
			isa = PBXContainerItemProxy;
			containerPortal = BD9CAAD928998BB3000F5088 /* Project object */;
			proxyType = 1;
			remoteGlobalIDString = BD9CAAE028998BB3000F5088;
			remoteInfo = "Camera&DisplayPhoto";
		};
/* End PBXContainerItemProxy section */

/* Begin PBXFileReference section */
		BD9CAAE128998BB3000F5088 /* Camera&DisplayPhoto.app */ = {isa = PBXFileReference; explicitFileType = wrapper.application; includeInIndex = 0; path = "Camera&DisplayPhoto.app"; sourceTree = BUILT_PRODUCTS_DIR; };
		BD9CAAE428998BB3000F5088 /* AppDelegate.swift */ = {isa = PBXFileReference; lastKnownFileType = sourcecode.swift; path = AppDelegate.swift; sourceTree = "<group>"; };
		BD9CAAE628998BB3000F5088 /* SceneDelegate.swift */ = {isa = PBXFileReference; lastKnownFileType = sourcecode.swift; path = SceneDelegate.swift; sourceTree = "<group>"; };
		BD9CAAE828998BB3000F5088 /* ViewController.swift */ = {isa = PBXFileReference; lastKnownFileType = sourcecode.swift; path = ViewController.swift; sourceTree = "<group>"; };
		BD9CAAEB28998BB3000F5088 /* Base */ = {isa = PBXFileReference; lastKnownFileType = file.storyboard; name = Base; path = Base.lproj/Main.storyboard; sourceTree = "<group>"; };
		BD9CAAED28998BB4000F5088 /* Assets.xcassets */ = {isa = PBXFileReference; lastKnownFileType = folder.assetcatalog; path = Assets.xcassets; sourceTree = "<group>"; };
		BD9CAAF028998BB4000F5088 /* Base */ = {isa = PBXFileReference; lastKnownFileType = file.storyboard; name = Base; path = Base.lproj/LaunchScreen.storyboard; sourceTree = "<group>"; };
		BD9CAAF228998BB4000F5088 /* Info.plist */ = {isa = PBXFileReference; lastKnownFileType = text.plist.xml; path = Info.plist; sourceTree = "<group>"; };
		BD9CAAF728998BB5000F5088 /* Camera&DisplayPhotoTests.xctest */ = {isa = PBXFileReference; explicitFileType = wrapper.cfbundle; includeInIndex = 0; path = "Camera&DisplayPhotoTests.xctest"; sourceTree = BUILT_PRODUCTS_DIR; };
		BD9CAAFB28998BB5000F5088 /* Camera_DisplayPhotoTests.swift */ = {isa = PBXFileReference; lastKnownFileType = sourcecode.swift; path = Camera_DisplayPhotoTests.swift; sourceTree = "<group>"; };
		BD9CAB0128998BB5000F5088 /* Camera&DisplayPhotoUITests.xctest */ = {isa = PBXFileReference; explicitFileType = wrapper.cfbundle; includeInIndex = 0; path = "Camera&DisplayPhotoUITests.xctest"; sourceTree = BUILT_PRODUCTS_DIR; };
		BD9CAB0528998BB5000F5088 /* Camera_DisplayPhotoUITests.swift */ = {isa = PBXFileReference; lastKnownFileType = sourcecode.swift; path = Camera_DisplayPhotoUITests.swift; sourceTree = "<group>"; };
		BD9CAB0728998BB5000F5088 /* Camera_DisplayPhotoUITestsLaunchTests.swift */ = {isa = PBXFileReference; lastKnownFileType = sourcecode.swift; path = Camera_DisplayPhotoUITestsLaunchTests.swift; sourceTree = "<group>"; };
/* End PBXFileReference section */

/* Begin PBXFrameworksBuildPhase section */
		BD9CAADE28998BB3000F5088 /* Frameworks */ = {
			isa = PBXFrameworksBuildPhase;
			buildActionMask = 2147483647;
			files = (
			);
			runOnlyForDeploymentPostprocessing = 0;
		};
		BD9CAAF428998BB5000F5088 /* Frameworks */ = {
			isa = PBXFrameworksBuildPhase;
			buildActionMask = 2147483647;
			files = (
			);
			runOnlyForDeploymentPostprocessing = 0;
		};
		BD9CAAFE28998BB5000F5088 /* Frameworks */ = {
			isa = PBXFrameworksBuildPhase;
			buildActionMask = 2147483647;
			files = (
			);
			runOnlyForDeploymentPostprocessing = 0;
		};
/* End PBXFrameworksBuildPhase section */

/* Begin PBXGroup section */
		BD9CAAD828998BB3000F5088 = {
			isa = PBXGroup;
			children = (
				BD9CAAE328998BB3000F5088 /* Camera&DisplayPhoto */,
				BD9CAAFA28998BB5000F5088 /* Camera&DisplayPhotoTests */,
				BD9CAB0428998BB5000F5088 /* Camera&DisplayPhotoUITests */,
				BD9CAAE228998BB3000F5088 /* Products */,
			);
			sourceTree = "<group>";
		};
		BD9CAAE228998BB3000F5088 /* Products */ = {
			isa = PBXGroup;
			children = (
				BD9CAAE128998BB3000F5088 /* Camera&DisplayPhoto.app */,
				BD9CAAF728998BB5000F5088 /* Camera&DisplayPhotoTests.xctest */,
				BD9CAB0128998BB5000F5088 /* Camera&DisplayPhotoUITests.xctest */,
			);
			name = Products;
			sourceTree = "<group>";
		};
		BD9CAAE328998BB3000F5088 /* Camera&DisplayPhoto */ = {
			isa = PBXGroup;
			children = (
				BD9CAAE428998BB3000F5088 /* AppDelegate.swift */,
				BD9CAAE628998BB3000F5088 /* SceneDelegate.swift */,
				BD9CAAE828998BB3000F5088 /* ViewController.swift */,
				BD9CAAEA28998BB3000F5088 /* Main.storyboard */,
				BD9CAAED28998BB4000F5088 /* Assets.xcassets */,
				BD9CAAEF28998BB4000F5088 /* LaunchScreen.storyboard */,
				BD9CAAF228998BB4000F5088 /* Info.plist */,
			);
			path = "Camera&DisplayPhoto";
			sourceTree = "<group>";
		};
		BD9CAAFA28998BB5000F5088 /* Camera&DisplayPhotoTests */ = {
			isa = PBXGroup;
			children = (
				BD9CAAFB28998BB5000F5088 /* Camera_DisplayPhotoTests.swift */,
			);
			path = "Camera&DisplayPhotoTests";
			sourceTree = "<group>";
		};
		BD9CAB0428998BB5000F5088 /* Camera&DisplayPhotoUITests */ = {
			isa = PBXGroup;
			children = (
				BD9CAB0528998BB5000F5088 /* Camera_DisplayPhotoUITests.swift */,
				BD9CAB0728998BB5000F5088 /* Camera_DisplayPhotoUITestsLaunchTests.swift */,
			);
			path = "Camera&DisplayPhotoUITests";
			sourceTree = "<group>";
		};
/* End PBXGroup section */

/* Begin PBXNativeTarget section */
		BD9CAAE028998BB3000F5088 /* Camera&DisplayPhoto */ = {
			isa = PBXNativeTarget;
			buildConfigurationList = BD9CAB0B28998BB5000F5088 /* Build configuration list for PBXNativeTarget "Camera&DisplayPhoto" */;
			buildPhases = (
				BD9CAADD28998BB3000F5088 /* Sources */,
				BD9CAADE28998BB3000F5088 /* Frameworks */,
				BD9CAADF28998BB3000F5088 /* Resources */,
			);
			buildRules = (
			);
			dependencies = (
			);
			name = "Camera&DisplayPhoto";
			productName = "Camera&DisplayPhoto";
			productReference = BD9CAAE128998BB3000F5088 /* Camera&DisplayPhoto.app */;
			productType = "com.apple.product-type.application";
		};
		BD9CAAF628998BB5000F5088 /* Camera&DisplayPhotoTests */ = {
			isa = PBXNativeTarget;
			buildConfigurationList = BD9CAB0E28998BB5000F5088 /* Build configuration list for PBXNativeTarget "Camera&DisplayPhotoTests" */;
			buildPhases = (
				BD9CAAF328998BB5000F5088 /* Sources */,
				BD9CAAF428998BB5000F5088 /* Frameworks */,
				BD9CAAF528998BB5000F5088 /* Resources */,
			);
			buildRules = (
			);
			dependencies = (
				BD9CAAF928998BB5000F5088 /* PBXTargetDependency */,
			);
			name = "Camera&DisplayPhotoTests";
			productName = "Camera&DisplayPhotoTests";
			productReference = BD9CAAF728998BB5000F5088 /* Camera&DisplayPhotoTests.xctest */;
			productType = "com.apple.product-type.bundle.unit-test";
		};
		BD9CAB0028998BB5000F5088 /* Camera&DisplayPhotoUITests */ = {
			isa = PBXNativeTarget;
			buildConfigurationList = BD9CAB1128998BB5000F5088 /* Build configuration list for PBXNativeTarget "Camera&DisplayPhotoUITests" */;
			buildPhases = (
				BD9CAAFD28998BB5000F5088 /* Sources */,
				BD9CAAFE28998BB5000F5088 /* Frameworks */,
				BD9CAAFF28998BB5000F5088 /* Resources */,
			);
			buildRules = (
			);
			dependencies = (
				BD9CAB0328998BB5000F5088 /* PBXTargetDependency */,
			);
			name = "Camera&DisplayPhotoUITests";
			productName = "Camera&DisplayPhotoUITests";
			productReference = BD9CAB0128998BB5000F5088 /* Camera&DisplayPhotoUITests.xctest */;
			productType = "com.apple.product-type.bundle.ui-testing";
		};
/* End PBXNativeTarget section */

/* Begin PBXProject section */
		BD9CAAD928998BB3000F5088 /* Project object */ = {
			isa = PBXProject;
			attributes = {
				BuildIndependentTargetsInParallel = 1;
				LastSwiftUpdateCheck = 1340;
				LastUpgradeCheck = 1340;
				TargetAttributes = {
					BD9CAAE028998BB3000F5088 = {
						CreatedOnToolsVersion = 13.4.1;
					};
					BD9CAAF628998BB5000F5088 = {
						CreatedOnToolsVersion = 13.4.1;
						TestTargetID = BD9CAAE028998BB3000F5088;
					};
					BD9CAB0028998BB5000F5088 = {
						CreatedOnToolsVersion = 13.4.1;
						TestTargetID = BD9CAAE028998BB3000F5088;
					};
				};
			};
			buildConfigurationList = BD9CAADC28998BB3000F5088 /* Build configuration list for PBXProject "Camera&DisplayPhoto" */;
			compatibilityVersion = "Xcode 13.0";
			developmentRegion = en;
			hasScannedForEncodings = 0;
			knownRegions = (
				en,
				Base,
			);
			mainGroup = BD9CAAD828998BB3000F5088;
			productRefGroup = BD9CAAE228998BB3000F5088 /* Products */;
			projectDirPath = "";
			projectRoot = "";
			targets = (
				BD9CAAE028998BB3000F5088 /* Camera&DisplayPhoto */,
				BD9CAAF628998BB5000F5088 /* Camera&DisplayPhotoTests */,
				BD9CAB0028998BB5000F5088 /* Camera&DisplayPhotoUITests */,
			);
		};
/* End PBXProject section */

/* Begin PBXResourcesBuildPhase section */
		BD9CAADF28998BB3000F5088 /* Resources */ = {
			isa = PBXResourcesBuildPhase;
			buildActionMask = 2147483647;
			files = (
				BD9CAAF128998BB4000F5088 /* LaunchScreen.storyboard in Resources */,
				BD9CAAEE28998BB4000F5088 /* Assets.xcassets in Resources */,
				BD9CAAEC28998BB3000F5088 /* Main.storyboard in Resources */,
			);
			runOnlyForDeploymentPostprocessing = 0;
		};
		BD9CAAF528998BB5000F5088 /* Resources */ = {
			isa = PBXResourcesBuildPhase;
			buildActionMask = 2147483647;
			files = (
			);
			runOnlyForDeploymentPostprocessing = 0;
		};
		BD9CAAFF28998BB5000F5088 /* Resources */ = {
			isa = PBXResourcesBuildPhase;
			buildActionMask = 2147483647;
			files = (
			);
			runOnlyForDeploymentPostprocessing = 0;
		};
/* End PBXResourcesBuildPhase section */

/* Begin PBXSourcesBuildPhase section */
		BD9CAADD28998BB3000F5088 /* Sources */ = {
			isa = PBXSourcesBuildPhase;
			buildActionMask = 2147483647;
			files = (
				BD9CAAE928998BB3000F5088 /* ViewController.swift in Sources */,
				BD9CAAE528998BB3000F5088 /* AppDelegate.swift in Sources */,
				BD9CAAE728998BB3000F5088 /* SceneDelegate.swift in Sources */,
			);
			runOnlyForDeploymentPostprocessing = 0;
		};
		BD9CAAF328998BB5000F5088 /* Sources */ = {
			isa = PBXSourcesBuildPhase;
			buildActionMask = 2147483647;
			files = (
				BD9CAAFC28998BB5000F5088 /* Camera_DisplayPhotoTests.swift in Sources */,
			);
			runOnlyForDeploymentPostprocessing = 0;
		};
		BD9CAAFD28998BB5000F5088 /* Sources */ = {
			isa = PBXSourcesBuildPhase;
			buildActionMask = 2147483647;
			files = (
				BD9CAB0628998BB5000F5088 /* Camera_DisplayPhotoUITests.swift in Sources */,
				BD9CAB0828998BB5000F5088 /* Camera_DisplayPhotoUITestsLaunchTests.swift in Sources */,
			);
			runOnlyForDeploymentPostprocessing = 0;
		};
/* End PBXSourcesBuildPhase section */

/* Begin PBXTargetDependency section */
		BD9CAAF928998BB5000F5088 /* PBXTargetDependency */ = {
			isa = PBXTargetDependency;
			target = BD9CAAE028998BB3000F5088 /* Camera&DisplayPhoto */;
			targetProxy = BD9CAAF828998BB5000F5088 /* PBXContainerItemProxy */;
		};
		BD9CAB0328998BB5000F5088 /* PBXTargetDependency */ = {
			isa = PBXTargetDependency;
			target = BD9CAAE028998BB3000F5088 /* Camera&DisplayPhoto */;
			targetProxy = BD9CAB0228998BB5000F5088 /* PBXContainerItemProxy */;
		};
/* End PBXTargetDependency section */

/* Begin PBXVariantGroup section */
		BD9CAAEA28998BB3000F5088 /* Main.storyboard */ = {
			isa = PBXVariantGroup;
			children = (
				BD9CAAEB28998BB3000F5088 /* Base */,
			);
			name = Main.storyboard;
			sourceTree = "<group>";
		};
		BD9CAAEF28998BB4000F5088 /* LaunchScreen.storyboard */ = {
			isa = PBXVariantGroup;
			children = (
				BD9CAAF028998BB4000F5088 /* Base */,
			);
			name = LaunchScreen.storyboard;
			sourceTree = "<group>";
		};
/* End PBXVariantGroup section */

/* Begin XCBuildConfiguration section */
		BD9CAB0928998BB5000F5088 /* Debug */ = {
			isa = XCBuildConfiguration;
			buildSettings = {
				ALWAYS_SEARCH_USER_PATHS = NO;
				CLANG_ANALYZER_NONNULL = YES;
				CLANG_ANALYZER_NUMBER_OBJECT_CONVERSION = YES_AGGRESSIVE;
				CLANG_CXX_LANGUAGE_STANDARD = "gnu++17";
				CLANG_ENABLE_MODULES = YES;
				CLANG_ENABLE_OBJC_ARC = YES;
				CLANG_ENABLE_OBJC_WEAK = YES;
				CLANG_WARN_BLOCK_CAPTURE_AUTORELEASING = YES;
				CLANG_WARN_BOOL_CONVERSION = YES;
				CLANG_WARN_COMMA = YES;
				CLANG_WARN_CONSTANT_CONVERSION = YES;
				CLANG_WARN_DEPRECATED_OBJC_IMPLEMENTATIONS = YES;
				CLANG_WARN_DIRECT_OBJC_ISA_USAGE = YES_ERROR;
				CLANG_WARN_DOCUMENTATION_COMMENTS = YES;
				CLANG_WARN_EMPTY_BODY = YES;
				CLANG_WARN_ENUM_CONVERSION = YES;
				CLANG_WARN_INFINITE_RECURSION = YES;
				CLANG_WARN_INT_CONVERSION = YES;
				CLANG_WARN_NON_LITERAL_NULL_CONVERSION = YES;
				CLANG_WARN_OBJC_IMPLICIT_RETAIN_SELF = YES;
				CLANG_WARN_OBJC_LITERAL_CONVERSION = YES;
				CLANG_WARN_OBJC_ROOT_CLASS = YES_ERROR;
				CLANG_WARN_QUOTED_INCLUDE_IN_FRAMEWORK_HEADER = YES;
				CLANG_WARN_RANGE_LOOP_ANALYSIS = YES;
				CLANG_WARN_STRICT_PROTOTYPES = YES;
				CLANG_WARN_SUSPICIOUS_MOVE = YES;
				CLANG_WARN_UNGUARDED_AVAILABILITY = YES_AGGRESSIVE;
				CLANG_WARN_UNREACHABLE_CODE = YES;
				CLANG_WARN__DUPLICATE_METHOD_MATCH = YES;
				COPY_PHASE_STRIP = NO;
				DEBUG_INFORMATION_FORMAT = dwarf;
				ENABLE_STRICT_OBJC_MSGSEND = YES;
				ENABLE_TESTABILITY = YES;
				GCC_C_LANGUAGE_STANDARD = gnu11;
				GCC_DYNAMIC_NO_PIC = NO;
				GCC_NO_COMMON_BLOCKS = YES;
				GCC_OPTIMIZATION_LEVEL = 0;
				GCC_PREPROCESSOR_DEFINITIONS = (
					"DEBUG=1",
					"$(inherited)",
				);
				GCC_WARN_64_TO_32_BIT_CONVERSION = YES;
				GCC_WARN_ABOUT_RETURN_TYPE = YES_ERROR;
				GCC_WARN_UNDECLARED_SELECTOR = YES;
				GCC_WARN_UNINITIALIZED_AUTOS = YES_AGGRESSIVE;
				GCC_WARN_UNUSED_FUNCTION = YES;
				GCC_WARN_UNUSED_VARIABLE = YES;
				IPHONEOS_DEPLOYMENT_TARGET = 15.5;
				MTL_ENABLE_DEBUG_INFO = INCLUDE_SOURCE;
				MTL_FAST_MATH = YES;
				ONLY_ACTIVE_ARCH = YES;
				SDKROOT = iphoneos;
				SWIFT_ACTIVE_COMPILATION_CONDITIONS = DEBUG;
				SWIFT_OPTIMIZATION_LEVEL = "-Onone";
			};
			name = Debug;
		};
		BD9CAB0A28998BB5000F5088 /* Release */ = {
			isa = XCBuildConfiguration;
			buildSettings = {
				ALWAYS_SEARCH_USER_PATHS = NO;
				CLANG_ANALYZER_NONNULL = YES;
				CLANG_ANALYZER_NUMBER_OBJECT_CONVERSION = YES_AGGRESSIVE;
				CLANG_CXX_LANGUAGE_STANDARD = "gnu++17";
				CLANG_ENABLE_MODULES = YES;
				CLANG_ENABLE_OBJC_ARC = YES;
				CLANG_ENABLE_OBJC_WEAK = YES;
				CLANG_WARN_BLOCK_CAPTURE_AUTORELEASING = YES;
				CLANG_WARN_BOOL_CONVERSION = YES;
				CLANG_WARN_COMMA = YES;
				CLANG_WARN_CONSTANT_CONVERSION = YES;
				CLANG_WARN_DEPRECATED_OBJC_IMPLEMENTATIONS = YES;
				CLANG_WARN_DIRECT_OBJC_ISA_USAGE = YES_ERROR;
				CLANG_WARN_DOCUMENTATION_COMMENTS = YES;
				CLANG_WARN_EMPTY_BODY = YES;
				CLANG_WARN_ENUM_CONVERSION = YES;
				CLANG_WARN_INFINITE_RECURSION = YES;
				CLANG_WARN_INT_CONVERSION = YES;
				CLANG_WARN_NON_LITERAL_NULL_CONVERSION = YES;
				CLANG_WARN_OBJC_IMPLICIT_RETAIN_SELF = YES;
				CLANG_WARN_OBJC_LITERAL_CONVERSION = YES;
				CLANG_WARN_OBJC_ROOT_CLASS = YES_ERROR;
				CLANG_WARN_QUOTED_INCLUDE_IN_FRAMEWORK_HEADER = YES;
				CLANG_WARN_RANGE_LOOP_ANALYSIS = YES;
				CLANG_WARN_STRICT_PROTOTYPES = YES;
				CLANG_WARN_SUSPICIOUS_MOVE = YES;
				CLANG_WARN_UNGUARDED_AVAILABILITY = YES_AGGRESSIVE;
				CLANG_WARN_UNREACHABLE_CODE = YES;
				CLANG_WARN__DUPLICATE_METHOD_MATCH = YES;
				COPY_PHASE_STRIP = NO;
				DEBUG_INFORMATION_FORMAT = "dwarf-with-dsym";
				ENABLE_NS_ASSERTIONS = NO;
				ENABLE_STRICT_OBJC_MSGSEND = YES;
				GCC_C_LANGUAGE_STANDARD = gnu11;
				GCC_NO_COMMON_BLOCKS = YES;
				GCC_WARN_64_TO_32_BIT_CONVERSION = YES;
				GCC_WARN_ABOUT_RETURN_TYPE = YES_ERROR;
				GCC_WARN_UNDECLARED_SELECTOR = YES;
				GCC_WARN_UNINITIALIZED_AUTOS = YES_AGGRESSIVE;
				GCC_WARN_UNUSED_FUNCTION = YES;
				GCC_WARN_UNUSED_VARIABLE = YES;
				IPHONEOS_DEPLOYMENT_TARGET = 15.5;
				MTL_ENABLE_DEBUG_INFO = NO;
				MTL_FAST_MATH = YES;
				SDKROOT = iphoneos;
				SWIFT_COMPILATION_MODE = wholemodule;
				SWIFT_OPTIMIZATION_LEVEL = "-O";
				VALIDATE_PRODUCT = YES;
			};
			name = Release;
		};
		BD9CAB0C28998BB5000F5088 /* Debug */ = {
			isa = XCBuildConfiguration;
			buildSettings = {
				ASSETCATALOG_COMPILER_APPICON_NAME = AppIcon;
				ASSETCATALOG_COMPILER_GLOBAL_ACCENT_COLOR_NAME = AccentColor;
				CODE_SIGN_STYLE = Automatic;
				CURRENT_PROJECT_VERSION = 1;
				DEVELOPMENT_TEAM = F72BDF4CQL;
				GENERATE_INFOPLIST_FILE = YES;
				INFOPLIST_FILE = "Camera&DisplayPhoto/Info.plist";
				INFOPLIST_KEY_UIApplicationSupportsIndirectInputEvents = YES;
				INFOPLIST_KEY_UILaunchStoryboardName = LaunchScreen;
				INFOPLIST_KEY_UIMainStoryboardFile = Main;
				INFOPLIST_KEY_UISupportedInterfaceOrientations_iPad = "UIInterfaceOrientationPortrait UIInterfaceOrientationPortraitUpsideDown UIInterfaceOrientationLandscapeLeft UIInterfaceOrientationLandscapeRight";
				INFOPLIST_KEY_UISupportedInterfaceOrientations_iPhone = "UIInterfaceOrientationPortrait UIInterfaceOrientationLandscapeLeft UIInterfaceOrientationLandscapeRight";
				LD_RUNPATH_SEARCH_PATHS = (
					"$(inherited)",
					"@executable_path/Frameworks",
				);
				MARKETING_VERSION = 1.0;
				PRODUCT_BUNDLE_IDENTIFIER = "kwk.Camera-DisplayPhoto";
				PRODUCT_NAME = "$(TARGET_NAME)";
				SWIFT_EMIT_LOC_STRINGS = YES;
				SWIFT_VERSION = 5.0;
				TARGETED_DEVICE_FAMILY = "1,2";
			};
			name = Debug;
		};
		BD9CAB0D28998BB5000F5088 /* Release */ = {
			isa = XCBuildConfiguration;
			buildSettings = {
				ASSETCATALOG_COMPILER_APPICON_NAME = AppIcon;
				ASSETCATALOG_COMPILER_GLOBAL_ACCENT_COLOR_NAME = AccentColor;
				CODE_SIGN_STYLE = Automatic;
				CURRENT_PROJECT_VERSION = 1;
				DEVELOPMENT_TEAM = F72BDF4CQL;
				GENERATE_INFOPLIST_FILE = YES;
				INFOPLIST_FILE = "Camera&DisplayPhoto/Info.plist";
				INFOPLIST_KEY_UIApplicationSupportsIndirectInputEvents = YES;
				INFOPLIST_KEY_UILaunchStoryboardName = LaunchScreen;
				INFOPLIST_KEY_UIMainStoryboardFile = Main;
				INFOPLIST_KEY_UISupportedInterfaceOrientations_iPad = "UIInterfaceOrientationPortrait UIInterfaceOrientationPortraitUpsideDown UIInterfaceOrientationLandscapeLeft UIInterfaceOrientationLandscapeRight";
				INFOPLIST_KEY_UISupportedInterfaceOrientations_iPhone = "UIInterfaceOrientationPortrait UIInterfaceOrientationLandscapeLeft UIInterfaceOrientationLandscapeRight";
				LD_RUNPATH_SEARCH_PATHS = (
					"$(inherited)",
					"@executable_path/Frameworks",
				);
				MARKETING_VERSION = 1.0;
				PRODUCT_BUNDLE_IDENTIFIER = "kwk.Camera-DisplayPhoto";
				PRODUCT_NAME = "$(TARGET_NAME)";
				SWIFT_EMIT_LOC_STRINGS = YES;
				SWIFT_VERSION = 5.0;
				TARGETED_DEVICE_FAMILY = "1,2";
			};
			name = Release;
		};
		BD9CAB0F28998BB5000F5088 /* Debug */ = {
			isa = XCBuildConfiguration;
			buildSettings = {
				ALWAYS_EMBED_SWIFT_STANDARD_LIBRARIES = YES;
				BUNDLE_LOADER = "$(TEST_HOST)";
				CODE_SIGN_STYLE = Automatic;
				CURRENT_PROJECT_VERSION = 1;
				DEVELOPMENT_TEAM = F72BDF4CQL;
				GENERATE_INFOPLIST_FILE = YES;
				IPHONEOS_DEPLOYMENT_TARGET = 15.5;
				MARKETING_VERSION = 1.0;
				PRODUCT_BUNDLE_IDENTIFIER = "kwk.Camera-DisplayPhotoTests";
				PRODUCT_NAME = "$(TARGET_NAME)";
				SWIFT_EMIT_LOC_STRINGS = NO;
				SWIFT_VERSION = 5.0;
				TARGETED_DEVICE_FAMILY = "1,2";
				TEST_HOST = "$(BUILT_PRODUCTS_DIR)/Camera&DisplayPhoto.app/Camera&DisplayPhoto";
			};
			name = Debug;
		};
		BD9CAB1028998BB5000F5088 /* Release */ = {
			isa = XCBuildConfiguration;
			buildSettings = {
				ALWAYS_EMBED_SWIFT_STANDARD_LIBRARIES = YES;
				BUNDLE_LOADER = "$(TEST_HOST)";
				CODE_SIGN_STYLE = Automatic;
				CURRENT_PROJECT_VERSION = 1;
				DEVELOPMENT_TEAM = F72BDF4CQL;
				GENERATE_INFOPLIST_FILE = YES;
				IPHONEOS_DEPLOYMENT_TARGET = 15.5;
				MARKETING_VERSION = 1.0;
				PRODUCT_BUNDLE_IDENTIFIER = "kwk.Camera-DisplayPhotoTests";
				PRODUCT_NAME = "$(TARGET_NAME)";
				SWIFT_EMIT_LOC_STRINGS = NO;
				SWIFT_VERSION = 5.0;
				TARGETED_DEVICE_FAMILY = "1,2";
				TEST_HOST = "$(BUILT_PRODUCTS_DIR)/Camera&DisplayPhoto.app/Camera&DisplayPhoto";
			};
			name = Release;
		};
		BD9CAB1228998BB5000F5088 /* Debug */ = {
			isa = XCBuildConfiguration;
			buildSettings = {
				ALWAYS_EMBED_SWIFT_STANDARD_LIBRARIES = YES;
				CODE_SIGN_STYLE = Automatic;
				CURRENT_PROJECT_VERSION = 1;
				DEVELOPMENT_TEAM = F72BDF4CQL;
				GENERATE_INFOPLIST_FILE = YES;
				MARKETING_VERSION = 1.0;
				PRODUCT_BUNDLE_IDENTIFIER = "kwk.Camera-DisplayPhotoUITests";
				PRODUCT_NAME = "$(TARGET_NAME)";
				SWIFT_EMIT_LOC_STRINGS = NO;
				SWIFT_VERSION = 5.0;
				TARGETED_DEVICE_FAMILY = "1,2";
				TEST_TARGET_NAME = "Camera&DisplayPhoto";
			};
			name = Debug;
		};
		BD9CAB1328998BB5000F5088 /* Release */ = {
			isa = XCBuildConfiguration;
			buildSettings = {
				ALWAYS_EMBED_SWIFT_STANDARD_LIBRARIES = YES;
				CODE_SIGN_STYLE = Automatic;
				CURRENT_PROJECT_VERSION = 1;
				DEVELOPMENT_TEAM = F72BDF4CQL;
				GENERATE_INFOPLIST_FILE = YES;
				MARKETING_VERSION = 1.0;
				PRODUCT_BUNDLE_IDENTIFIER = "kwk.Camera-DisplayPhotoUITests";
				PRODUCT_NAME = "$(TARGET_NAME)";
				SWIFT_EMIT_LOC_STRINGS = NO;
				SWIFT_VERSION = 5.0;
				TARGETED_DEVICE_FAMILY = "1,2";
				TEST_TARGET_NAME = "Camera&DisplayPhoto";
			};
			name = Release;
		};
/* End XCBuildConfiguration section */

/* Begin XCConfigurationList section */
		BD9CAADC28998BB3000F5088 /* Build configuration list for PBXProject "Camera&DisplayPhoto" */ = {
			isa = XCConfigurationList;
			buildConfigurations = (
				BD9CAB0928998BB5000F5088 /* Debug */,
				BD9CAB0A28998BB5000F5088 /* Release */,
			);
			defaultConfigurationIsVisible = 0;
			defaultConfigurationName = Release;
		};
		BD9CAB0B28998BB5000F5088 /* Build configuration list for PBXNativeTarget "Camera&DisplayPhoto" */ = {
			isa = XCConfigurationList;
			buildConfigurations = (
				BD9CAB0C28998BB5000F5088 /* Debug */,
				BD9CAB0D28998BB5000F5088 /* Release */,
			);
			defaultConfigurationIsVisible = 0;
			defaultConfigurationName = Release;
		};
		BD9CAB0E28998BB5000F5088 /* Build configuration list for PBXNativeTarget "Camera&DisplayPhotoTests" */ = {
			isa = XCConfigurationList;
			buildConfigurations = (
				BD9CAB0F28998BB5000F5088 /* Debug */,
				BD9CAB1028998BB5000F5088 /* Release */,
			);
			defaultConfigurationIsVisible = 0;
			defaultConfigurationName = Release;
		};
		BD9CAB1128998BB5000F5088 /* Build configuration list for PBXNativeTarget "Camera&DisplayPhotoUITests" */ = {
			isa = XCConfigurationList;
			buildConfigurations = (
				BD9CAB1228998BB5000F5088 /* Debug */,
				BD9CAB1328998BB5000F5088 /* Release */,
			);
			defaultConfigurationIsVisible = 0;
			defaultConfigurationName = Release;
		};
/* End XCConfigurationList section */
	};
	rootObject = BD9CAAD928998BB3000F5088 /* Project object */;
}
